# This file is automatically @generated by Poetry 2.1.3 and should not be changed by hand.

[[package]]
name = "click"
version = "8.1.8"
description = "Composable command line interface toolkit"
optional = false
python-versions = ">=3.7"
groups = ["main"]
files = [
    {file = "click-8.1.8-py3-none-any.whl", hash = "sha256:63c132bbbed01578a06712a2d1f497bb62d9c1c0d329b7903a866228027263b2"},
    {file = "click-8.1.8.tar.gz", hash = "sha256:ed53c9d8990d83c2a27deae68e4ee337473f6330c040a31d4225c9574d16096a"},
]

[package.dependencies]
colorama = {version = "*", markers = "platform_system == \"Windows\""}

[[package]]
name = "colorama"
version = "0.4.6"
description = "Cross-platform colored terminal text."
optional = false
python-versions = "!=3.0.*,!=3.1.*,!=3.2.*,!=3.3.*,!=3.4.*,!=3.5.*,!=3.6.*,>=2.7"
groups = ["main"]
markers = "platform_system == \"Windows\""
files = [
    {file = "colorama-0.4.6-py2.py3-none-any.whl", hash = "sha256:4f1d9991f5acc0ca119f9d443620b77f9d6b33703e51011c16baf57afb285fc6"},
    {file = "colorama-0.4.6.tar.gz", hash = "sha256:08695f5cb7ed6e0531a20572697297273c47b8cae5a63ffc6d6ed5c201be6e44"},
]

[[package]]
name = "typer"
version = "0.9.4"
description = "Typer, build great CLIs. Easy to code. Based on Python type hints."
optional = false
python-versions = ">=3.6"
groups = ["main"]
files = [
    {file = "typer-0.9.4-py3-none-any.whl", hash = "sha256:aa6c4a4e2329d868b80ecbaf16f807f2b54e192209d7ac9dd42691d63f7a54eb"},
    {file = "typer-0.9.4.tar.gz", hash = "sha256:f714c2d90afae3a7929fcd72a3abb08df305e1ff61719381384211c4070af57f"},
]

[package.dependencies]
click = ">=7.1.1,<9.0.0"
typing-extensions = ">=3.7.4.3"

[package.extras]
all = ["colorama (>=0.4.3,<0.5.0)", "rich (>=10.11.0,<14.0.0)", "shellingham (>=1.3.0,<2.0.0)"]
dev = ["autoflake (>=1.3.1,<2.0.0)", "flake8 (>=3.8.3,<4.0.0)", "pre-commit (>=2.17.0,<3.0.0)"]
doc = ["cairosvg (>=2.5.2,<3.0.0)", "mdx-include (>=1.4.1,<2.0.0)", "mkdocs (>=1.1.2,<2.0.0)", "mkdocs-material (>=8.1.4,<9.0.0)", "pillow (>=9.3.0,<10.0.0)"]
test = ["black (>=22.3.0,<23.0.0)", "coverage (>=6.2,<7.0)", "isort (>=5.0.6,<6.0.0)", "mypy (==0.971)", "pytest (>=4.4.0,<8.0.0)", "pytest-cov (>=2.10.0,<5.0.0)", "pytest-sugar (>=0.9.4,<0.10.0)", "pytest-xdist (>=1.32.0,<4.0.0)", "rich (>=10.11.0,<14.0.0)", "shellingham (>=1.3.0,<2.0.0)"]

[[package]]
name = "typing-extensions"
version = "4.14.1"
description = "Backported and Experimental Type Hints for Python 3.9+"
optional = false
python-versions = ">=3.9"
groups = ["main"]
files = [
    {file = "typing_extensions-4.14.1-py3-none-any.whl", hash = "sha256:d1e1e3b58374dc93031d6eda2420a48ea44a36c2b4766a4fdeb3710755731d76"},
    {file = "typing_extensions-4.14.1.tar.gz", hash = "sha256:38b39f4aeeab64884ce9f74c94263ef78f3c22467c8724005483154c26648d36"},
]

[metadata]
lock-version = "2.1"
python-versions = "^3.9"
content-hash = "b040d89a086991602ac1da86c581f24f7963a2d384a44f4c70d16868aa625e18"
